
Microsoft Visual Studio Solution File, Format Version 12.00
# Visual Studio Version 16
VisualStudioVersion = 16.0.30523.141
MinimumVisualStudioVersion = 10.0.40219.1
Project("{FAE04EC0-301F-11D3-BF4B-00C04F79EFBC}") = "capaPresentacion", "capaPresentacion\capaPresentacion.csproj", "{528EDE82-DBDB-49DB-B2A0-55DA15A6C146}"
EndProject
Project("{FAE04EC0-301F-11D3-BF4B-00C04F79EFBC}") = "capaPersintencia", "capaPersintencia\capaPersintencia.csproj", "{F7A5D6B3-2623-4C14-B0E9-4594C11B467C}"
EndProject
Project("{FAE04EC0-301F-11D3-BF4B-00C04F79EFBC}") = "capaNegocio", "capaNegocio\capaNegocio.csproj", "{29CE64D4-2673-483A-90F1-08ADCA32A223}"
EndProject
Project("{FAE04EC0-301F-11D3-BF4B-00C04F79EFBC}") = "capaEntidades", "capaEntidades\capaEntidades.csproj", "{818804BB-10D6-4B0D-B2AF-A7960038895C}"
EndProject
Global
	GlobalSection(SolutionConfigurationPlatforms) = preSolution
		Debug|Any CPU = Debug|Any CPU
		Release|Any CPU = Release|Any CPU
	EndGlobalSection
	GlobalSection(ProjectConfigurationPlatforms) = postSolution
		{528EDE82-DBDB-49DB-B2A0-55DA15A6C146}.Debug|Any CPU.ActiveCfg = Debug|Any CPU
		{528EDE82-DBDB-49DB-B2A0-55DA15A6C146}.Debug|Any CPU.Build.0 = Debug|Any CPU
		{528EDE82-DBDB-49DB-B2A0-55DA15A6C146}.Release|Any CPU.ActiveCfg = Release|Any CPU
		{528EDE82-DBDB-49DB-B2A0-55DA15A6C146}.Release|Any CPU.Build.0 = Release|Any CPU
		{F7A5D6B3-2623-4C14-B0E9-4594C11B467C}.Debug|Any CPU.ActiveCfg = Debug|Any CPU
		{F7A5D6B3-2623-4C14-B0E9-4594C11B467C}.Debug|Any CPU.Build.0 = Debug|Any CPU
		{F7A5D6B3-2623-4C14-B0E9-4594C11B467C}.Release|Any CPU.ActiveCfg = Release|Any CPU
		{F7A5D6B3-2623-4C14-B0E9-4594C11B467C}.Release|Any CPU.Build.0 = Release|Any CPU
		{29CE64D4-2673-483A-90F1-08ADCA32A223}.Debug|Any CPU.ActiveCfg = Debug|Any CPU
		{29CE64D4-2673-483A-90F1-08ADCA32A223}.Debug|Any CPU.Build.0 = Debug|Any CPU
		{29CE64D4-2673-483A-90F1-08ADCA32A223}.Release|Any CPU.ActiveCfg = Release|Any CPU
		{29CE64D4-2673-483A-90F1-08ADCA32A223}.Release|Any CPU.Build.0 = Release|Any CPU
		{818804BB-10D6-4B0D-B2AF-A7960038895C}.Debug|Any CPU.ActiveCfg = Debug|Any CPU
		{818804BB-10D6-4B0D-B2AF-A7960038895C}.Debug|Any CPU.Build.0 = Debug|Any CPU
		{818804BB-10D6-4B0D-B2AF-A7960038895C}.Release|Any CPU.ActiveCfg = Release|Any CPU
		{818804BB-10D6-4B0D-B2AF-A7960038895C}.Release|Any CPU.Build.0 = Release|Any CPU
	EndGlobalSection
	GlobalSection(SolutionProperties) = preSolution
		HideSolutionNode = FALSE
	EndGlobalSection
	GlobalSection(ExtensibilityGlobals) = postSolution
		SolutionGuid = {C37A935F-2AA8-4C47-A6CC-D4863CCA2D40}
	EndGlobalSection
EndGlobal
