
Microsoft Visual Studio Solution File, Format Version 12.00
# Visual Studio Version 16
VisualStudioVersion = 16.0.30523.141
MinimumVisualStudioVersion = 10.0.40219.1
Project("{FAE04EC0-301F-11D3-BF4B-00C04F79EFBC}") = "Aiep-Facturacion", "Aiep-Facturacion\Aiep-Facturacion.csproj", "{3B3C1902-36AC-4EC4-97BD-AC32B6CED3FF}"
EndProject
Project("{FAE04EC0-301F-11D3-BF4B-00C04F79EFBC}") = "CapaNegocio", "CapaNegocio\CapaNegocio.csproj", "{AEAF6531-681B-4095-B7A6-9A0EFAC421A2}"
EndProject
Project("{FAE04EC0-301F-11D3-BF4B-00C04F79EFBC}") = "CapaEntidades", "CapaEntidades\CapaEntidades.csproj", "{5E1F2973-7BC5-4AD6-B077-47F80E4D8C4C}"
EndProject
Project("{FAE04EC0-301F-11D3-BF4B-00C04F79EFBC}") = "CapaPersistencia", "CapaPersistencia\CapaPersistencia.csproj", "{7D54B835-A017-4DA4-BEE2-CDB86E263696}"
EndProject
Project("{FAE04EC0-301F-11D3-BF4B-00C04F79EFBC}") = "CapaPresentacion", "CapaPresentacion\CapaPresentacion.csproj", "{FDEC2258-91B2-4965-B919-A0B37DA4CFCC}"
EndProject
Global
	GlobalSection(SolutionConfigurationPlatforms) = preSolution
		Debug|Any CPU = Debug|Any CPU
		Release|Any CPU = Release|Any CPU
	EndGlobalSection
	GlobalSection(ProjectConfigurationPlatforms) = postSolution
		{3B3C1902-36AC-4EC4-97BD-AC32B6CED3FF}.Debug|Any CPU.ActiveCfg = Debug|Any CPU
		{3B3C1902-36AC-4EC4-97BD-AC32B6CED3FF}.Debug|Any CPU.Build.0 = Debug|Any CPU
		{3B3C1902-36AC-4EC4-97BD-AC32B6CED3FF}.Release|Any CPU.ActiveCfg = Release|Any CPU
		{3B3C1902-36AC-4EC4-97BD-AC32B6CED3FF}.Release|Any CPU.Build.0 = Release|Any CPU
		{AEAF6531-681B-4095-B7A6-9A0EFAC421A2}.Debug|Any CPU.ActiveCfg = Debug|Any CPU
		{AEAF6531-681B-4095-B7A6-9A0EFAC421A2}.Debug|Any CPU.Build.0 = Debug|Any CPU
		{AEAF6531-681B-4095-B7A6-9A0EFAC421A2}.Release|Any CPU.ActiveCfg = Release|Any CPU
		{AEAF6531-681B-4095-B7A6-9A0EFAC421A2}.Release|Any CPU.Build.0 = Release|Any CPU
		{5E1F2973-7BC5-4AD6-B077-47F80E4D8C4C}.Debug|Any CPU.ActiveCfg = Debug|Any CPU
		{5E1F2973-7BC5-4AD6-B077-47F80E4D8C4C}.Debug|Any CPU.Build.0 = Debug|Any CPU
		{5E1F2973-7BC5-4AD6-B077-47F80E4D8C4C}.Release|Any CPU.ActiveCfg = Release|Any CPU
		{5E1F2973-7BC5-4AD6-B077-47F80E4D8C4C}.Release|Any CPU.Build.0 = Release|Any CPU
		{7D54B835-A017-4DA4-BEE2-CDB86E263696}.Debug|Any CPU.ActiveCfg = Debug|Any CPU
		{7D54B835-A017-4DA4-BEE2-CDB86E263696}.Debug|Any CPU.Build.0 = Debug|Any CPU
		{7D54B835-A017-4DA4-BEE2-CDB86E263696}.Release|Any CPU.ActiveCfg = Release|Any CPU
		{7D54B835-A017-4DA4-BEE2-CDB86E263696}.Release|Any CPU.Build.0 = Release|Any CPU
		{FDEC2258-91B2-4965-B919-A0B37DA4CFCC}.Debug|Any CPU.ActiveCfg = Debug|Any CPU
		{FDEC2258-91B2-4965-B919-A0B37DA4CFCC}.Debug|Any CPU.Build.0 = Debug|Any CPU
		{FDEC2258-91B2-4965-B919-A0B37DA4CFCC}.Release|Any CPU.ActiveCfg = Release|Any CPU
		{FDEC2258-91B2-4965-B919-A0B37DA4CFCC}.Release|Any CPU.Build.0 = Release|Any CPU
	EndGlobalSection
	GlobalSection(SolutionProperties) = preSolution
		HideSolutionNode = FALSE
	EndGlobalSection
	GlobalSection(ExtensibilityGlobals) = postSolution
		SolutionGuid = {C37A935F-2AA8-4C47-A6CC-D4863CCA2D40}
	EndGlobalSection
EndGlobal
